
Microsoft Visual Studio Solution File, Format Version 12.00
# Visual Studio Version 17
VisualStudioVersion = 17.2.32616.157
MinimumVisualStudioVersion = 10.0.40219.1
Project("{FAE04EC0-301F-11D3-BF4B-00C04F79EFBC}") = "09.07.22 DZSHARP2", "09.07.22 DZSHARP2\09.07.22 DZSHARP2.csproj", "{1728366E-DC31-4657-8D10-9B09A26141D4}"
EndProject
Global
	GlobalSection(SolutionConfigurationPlatforms) = preSolution
		Debug|Any CPU = Debug|Any CPU
		Release|Any CPU = Release|Any CPU
	EndGlobalSection
	GlobalSection(ProjectConfigurationPlatforms) = postSolution
		{1728366E-DC31-4657-8D10-9B09A26141D4}.Debug|Any CPU.ActiveCfg = Debug|Any CPU
		{1728366E-DC31-4657-8D10-9B09A26141D4}.Debug|Any CPU.Build.0 = Debug|Any CPU
		{1728366E-DC31-4657-8D10-9B09A26141D4}.Release|Any CPU.ActiveCfg = Release|Any CPU
		{1728366E-DC31-4657-8D10-9B09A26141D4}.Release|Any CPU.Build.0 = Release|Any CPU
	EndGlobalSection
	GlobalSection(SolutionProperties) = preSolution
		HideSolutionNode = FALSE
	EndGlobalSection
	GlobalSection(ExtensibilityGlobals) = postSolution
		SolutionGuid = {FB9A8E6D-A2DA-46DA-ABB4-697AC5BC1738}
	EndGlobalSection
EndGlobal
